
Microsoft Visual Studio Solution File, Format Version 12.00
# Visual Studio Version 17
VisualStudioVersion = 17.5.002.0
MinimumVisualStudioVersion = 10.0.40219.1
Project("{9A19103F-16F7-4668-BE54-9A1E7A4F7556}") = "Learning05", "Learning05.csproj", "{9706B7A3-2857-4693-93A4-09D6C456833F}"
EndProject
Global
	GlobalSection(SolutionConfigurationPlatforms) = preSolution
		Debug|Any CPU = Debug|Any CPU
		Release|Any CPU = Release|Any CPU
	EndGlobalSection
	GlobalSection(ProjectConfigurationPlatforms) = postSolution
		{9706B7A3-2857-4693-93A4-09D6C456833F}.Debug|Any CPU.ActiveCfg = Debug|Any CPU
		{9706B7A3-2857-4693-93A4-09D6C456833F}.Debug|Any CPU.Build.0 = Debug|Any CPU
		{9706B7A3-2857-4693-93A4-09D6C456833F}.Release|Any CPU.ActiveCfg = Release|Any CPU
		{9706B7A3-2857-4693-93A4-09D6C456833F}.Release|Any CPU.Build.0 = Release|Any CPU
	EndGlobalSection
	GlobalSection(SolutionProperties) = preSolution
		HideSolutionNode = FALSE
	EndGlobalSection
	GlobalSection(ExtensibilityGlobals) = postSolution
		SolutionGuid = {6774D87F-7886-4728-AF68-7591A975B0D6}
	EndGlobalSection
EndGlobal
