
Microsoft Visual Studio Solution File, Format Version 12.00
# Visual Studio Version 17
VisualStudioVersion = 17.5.002.0
MinimumVisualStudioVersion = 10.0.40219.1
Project("{2150E333-8FDC-42A3-9474-1A3956D46DE8}") = "csharp-prep", "csharp-prep", "{060AADA5-5320-4B38-B3E2-48FADBF12978}"
EndProject
Project("{9A19103F-16F7-4668-BE54-9A1E7A4F7556}") = "Prep1", "csharp-prep\Prep1\Prep1.csproj", "{132D66D0-73F2-470A-8D4A-67EC0C0397CA}"
EndProject
Project("{9A19103F-16F7-4668-BE54-9A1E7A4F7556}") = "Prep2", "csharp-prep\Prep2\Prep2.csproj", "{8C1B51D7-3536-43B6-99F8-466007BEE64C}"
EndProject
Project("{9A19103F-16F7-4668-BE54-9A1E7A4F7556}") = "Prep3", "csharp-prep\Prep3\Prep3.csproj", "{34BB7C79-F6FB-4AF0-8965-B116F48CA451}"
EndProject
Project("{9A19103F-16F7-4668-BE54-9A1E7A4F7556}") = "Prep4", "csharp-prep\Prep4\Prep4.csproj", "{675C99B6-E677-4A61-A8C5-D01D04B97F17}"
EndProject
Project("{9A19103F-16F7-4668-BE54-9A1E7A4F7556}") = "Prep5", "csharp-prep\Prep5\Prep5.csproj", "{6E955F43-7E0A-4FF2-8A09-BE22B1CC5C38}"
EndProject
Project("{2150E333-8FDC-42A3-9474-1A3956D46DE8}") = "final", "final", "{F7028B3A-B2F3-44A4-A80F-F8188AA28CA3}"
EndProject
Project("{9A19103F-16F7-4668-BE54-9A1E7A4F7556}") = "FinalProject", "final\FinalProject\FinalProject.csproj", "{F0582E4A-7E5A-4A64-8452-81B523D3849F}"
EndProject
Project("{9A19103F-16F7-4668-BE54-9A1E7A4F7556}") = "Foundation1", "final\Foundation1\Foundation1.csproj", "{2BFFF4D0-A298-43C5-A8DC-9640A4D932FB}"
EndProject
Project("{9A19103F-16F7-4668-BE54-9A1E7A4F7556}") = "Foundation2", "final\Foundation2\Foundation2.csproj", "{5DF8D4D8-9E00-46F2-8A20-52F51717C62D}"
EndProject
Project("{9A19103F-16F7-4668-BE54-9A1E7A4F7556}") = "Foundation3", "final\Foundation3\Foundation3.csproj", "{97B04139-1B6A-4102-B906-AD2596029034}"
EndProject
Project("{9A19103F-16F7-4668-BE54-9A1E7A4F7556}") = "Foundation4", "final\Foundation4\Foundation4.csproj", "{9305F991-9669-4DB3-B872-C08F219533B5}"
EndProject
Project("{2150E333-8FDC-42A3-9474-1A3956D46DE8}") = "prepare", "prepare", "{A00E0E9F-C255-4552-AAAE-BFB9A78F77A8}"
EndProject
Project("{9A19103F-16F7-4668-BE54-9A1E7A4F7556}") = "Learning02", "prepare\Learning02\Learning02.csproj", "{0C25E6C5-BC23-478A-B18C-22AF226BA017}"
EndProject
Project("{9A19103F-16F7-4668-BE54-9A1E7A4F7556}") = "Learning03", "prepare\Learning03\Learning03.csproj", "{28988861-5AFD-4992-9A68-8AD8B529F6AF}"
EndProject
Project("{9A19103F-16F7-4668-BE54-9A1E7A4F7556}") = "Learning04", "prepare\Learning04\Learning04.csproj", "{859C225F-6AF4-41AD-8944-EC69F2D8E3C2}"
EndProject
Project("{9A19103F-16F7-4668-BE54-9A1E7A4F7556}") = "Learning05", "prepare\Learning05\Learning05.csproj", "{71888D83-3983-4518-AB44-A132B03B4797}"
EndProject
Project("{2150E333-8FDC-42A3-9474-1A3956D46DE8}") = "prove", "prove", "{B54380F5-9EF1-4DD3-99DD-97463774DA3F}"
EndProject
Project("{9A19103F-16F7-4668-BE54-9A1E7A4F7556}") = "Develop02", "prove\Develop02\Develop02.csproj", "{22E9542F-2B21-4934-902D-46C0DBCA3AF0}"
EndProject
Project("{9A19103F-16F7-4668-BE54-9A1E7A4F7556}") = "Develop03", "prove\Develop03\Develop03.csproj", "{8A2AD868-36EE-487C-A463-7B51E1EC1788}"
EndProject
Project("{9A19103F-16F7-4668-BE54-9A1E7A4F7556}") = "Develop04", "prove\Develop04\Develop04.csproj", "{4060B14B-3BBD-47FD-884C-4FD134BEED22}"
EndProject
Project("{9A19103F-16F7-4668-BE54-9A1E7A4F7556}") = "Develop05", "prove\Develop05\Develop05.csproj", "{C2A648CD-F396-4803-ADA9-D262A85385B1}"
EndProject
Project("{2150E333-8FDC-42A3-9474-1A3956D46DE8}") = "sandbox", "sandbox", "{7AB6F054-346F-4293-BED7-8E5BBD784E20}"
EndProject
Project("{9A19103F-16F7-4668-BE54-9A1E7A4F7556}") = "Sandbox", "sandbox\Sandbox\Sandbox.csproj", "{5BA1F471-4289-403D-86E3-1F8861BCC127}"
EndProject
Global
	GlobalSection(SolutionConfigurationPlatforms) = preSolution
		Debug|Any CPU = Debug|Any CPU
		Release|Any CPU = Release|Any CPU
	EndGlobalSection
	GlobalSection(ProjectConfigurationPlatforms) = postSolution
		{132D66D0-73F2-470A-8D4A-67EC0C0397CA}.Debug|Any CPU.ActiveCfg = Debug|Any CPU
		{132D66D0-73F2-470A-8D4A-67EC0C0397CA}.Debug|Any CPU.Build.0 = Debug|Any CPU
		{132D66D0-73F2-470A-8D4A-67EC0C0397CA}.Release|Any CPU.ActiveCfg = Release|Any CPU
		{132D66D0-73F2-470A-8D4A-67EC0C0397CA}.Release|Any CPU.Build.0 = Release|Any CPU
		{8C1B51D7-3536-43B6-99F8-466007BEE64C}.Debug|Any CPU.ActiveCfg = Debug|Any CPU
		{8C1B51D7-3536-43B6-99F8-466007BEE64C}.Debug|Any CPU.Build.0 = Debug|Any CPU
		{8C1B51D7-3536-43B6-99F8-466007BEE64C}.Release|Any CPU.ActiveCfg = Release|Any CPU
		{8C1B51D7-3536-43B6-99F8-466007BEE64C}.Release|Any CPU.Build.0 = Release|Any CPU
		{34BB7C79-F6FB-4AF0-8965-B116F48CA451}.Debug|Any CPU.ActiveCfg = Debug|Any CPU
		{34BB7C79-F6FB-4AF0-8965-B116F48CA451}.Debug|Any CPU.Build.0 = Debug|Any CPU
		{34BB7C79-F6FB-4AF0-8965-B116F48CA451}.Release|Any CPU.ActiveCfg = Release|Any CPU
		{34BB7C79-F6FB-4AF0-8965-B116F48CA451}.Release|Any CPU.Build.0 = Release|Any CPU
		{675C99B6-E677-4A61-A8C5-D01D04B97F17}.Debug|Any CPU.ActiveCfg = Debug|Any CPU
		{675C99B6-E677-4A61-A8C5-D01D04B97F17}.Debug|Any CPU.Build.0 = Debug|Any CPU
		{675C99B6-E677-4A61-A8C5-D01D04B97F17}.Release|Any CPU.ActiveCfg = Release|Any CPU
		{675C99B6-E677-4A61-A8C5-D01D04B97F17}.Release|Any CPU.Build.0 = Release|Any CPU
		{6E955F43-7E0A-4FF2-8A09-BE22B1CC5C38}.Debug|Any CPU.ActiveCfg = Debug|Any CPU
		{6E955F43-7E0A-4FF2-8A09-BE22B1CC5C38}.Debug|Any CPU.Build.0 = Debug|Any CPU
		{6E955F43-7E0A-4FF2-8A09-BE22B1CC5C38}.Release|Any CPU.ActiveCfg = Release|Any CPU
		{6E955F43-7E0A-4FF2-8A09-BE22B1CC5C38}.Release|Any CPU.Build.0 = Release|Any CPU
		{F0582E4A-7E5A-4A64-8452-81B523D3849F}.Debug|Any CPU.ActiveCfg = Debug|Any CPU
		{F0582E4A-7E5A-4A64-8452-81B523D3849F}.Debug|Any CPU.Build.0 = Debug|Any CPU
		{F0582E4A-7E5A-4A64-8452-81B523D3849F}.Release|Any CPU.ActiveCfg = Release|Any CPU
		{F0582E4A-7E5A-4A64-8452-81B523D3849F}.Release|Any CPU.Build.0 = Release|Any CPU
		{2BFFF4D0-A298-43C5-A8DC-9640A4D932FB}.Debug|Any CPU.ActiveCfg = Debug|Any CPU
		{2BFFF4D0-A298-43C5-A8DC-9640A4D932FB}.Debug|Any CPU.Build.0 = Debug|Any CPU
		{2BFFF4D0-A298-43C5-A8DC-9640A4D932FB}.Release|Any CPU.ActiveCfg = Release|Any CPU
		{2BFFF4D0-A298-43C5-A8DC-9640A4D932FB}.Release|Any CPU.Build.0 = Release|Any CPU
		{5DF8D4D8-9E00-46F2-8A20-52F51717C62D}.Debug|Any CPU.ActiveCfg = Debug|Any CPU
		{5DF8D4D8-9E00-46F2-8A20-52F51717C62D}.Debug|Any CPU.Build.0 = Debug|Any CPU
		{5DF8D4D8-9E00-46F2-8A20-52F51717C62D}.Release|Any CPU.ActiveCfg = Release|Any CPU
		{5DF8D4D8-9E00-46F2-8A20-52F51717C62D}.Release|Any CPU.Build.0 = Release|Any CPU
		{97B04139-1B6A-4102-B906-AD2596029034}.Debug|Any CPU.ActiveCfg = Debug|Any CPU
		{97B04139-1B6A-4102-B906-AD2596029034}.Debug|Any CPU.Build.0 = Debug|Any CPU
		{97B04139-1B6A-4102-B906-AD2596029034}.Release|Any CPU.ActiveCfg = Release|Any CPU
		{97B04139-1B6A-4102-B906-AD2596029034}.Release|Any CPU.Build.0 = Release|Any CPU
		{9305F991-9669-4DB3-B872-C08F219533B5}.Debug|Any CPU.ActiveCfg = Debug|Any CPU
		{9305F991-9669-4DB3-B872-C08F219533B5}.Debug|Any CPU.Build.0 = Debug|Any CPU
		{9305F991-9669-4DB3-B872-C08F219533B5}.Release|Any CPU.ActiveCfg = Release|Any CPU
		{9305F991-9669-4DB3-B872-C08F219533B5}.Release|Any CPU.Build.0 = Release|Any CPU
		{0C25E6C5-BC23-478A-B18C-22AF226BA017}.Debug|Any CPU.ActiveCfg = Debug|Any CPU
		{0C25E6C5-BC23-478A-B18C-22AF226BA017}.Debug|Any CPU.Build.0 = Debug|Any CPU
		{0C25E6C5-BC23-478A-B18C-22AF226BA017}.Release|Any CPU.ActiveCfg = Release|Any CPU
		{0C25E6C5-BC23-478A-B18C-22AF226BA017}.Release|Any CPU.Build.0 = Release|Any CPU
		{28988861-5AFD-4992-9A68-8AD8B529F6AF}.Debug|Any CPU.ActiveCfg = Debug|Any CPU
		{28988861-5AFD-4992-9A68-8AD8B529F6AF}.Debug|Any CPU.Build.0 = Debug|Any CPU
		{28988861-5AFD-4992-9A68-8AD8B529F6AF}.Release|Any CPU.ActiveCfg = Release|Any CPU
		{28988861-5AFD-4992-9A68-8AD8B529F6AF}.Release|Any CPU.Build.0 = Release|Any CPU
		{859C225F-6AF4-41AD-8944-EC69F2D8E3C2}.Debug|Any CPU.ActiveCfg = Debug|Any CPU
		{859C225F-6AF4-41AD-8944-EC69F2D8E3C2}.Debug|Any CPU.Build.0 = Debug|Any CPU
		{859C225F-6AF4-41AD-8944-EC69F2D8E3C2}.Release|Any CPU.ActiveCfg = Release|Any CPU
		{859C225F-6AF4-41AD-8944-EC69F2D8E3C2}.Release|Any CPU.Build.0 = Release|Any CPU
		{71888D83-3983-4518-AB44-A132B03B4797}.Debug|Any CPU.ActiveCfg = Debug|Any CPU
		{71888D83-3983-4518-AB44-A132B03B4797}.Debug|Any CPU.Build.0 = Debug|Any CPU
		{71888D83-3983-4518-AB44-A132B03B4797}.Release|Any CPU.ActiveCfg = Release|Any CPU
		{71888D83-3983-4518-AB44-A132B03B4797}.Release|Any CPU.Build.0 = Release|Any CPU
		{22E9542F-2B21-4934-902D-46C0DBCA3AF0}.Debug|Any CPU.ActiveCfg = Debug|Any CPU
		{22E9542F-2B21-4934-902D-46C0DBCA3AF0}.Debug|Any CPU.Build.0 = Debug|Any CPU
		{22E9542F-2B21-4934-902D-46C0DBCA3AF0}.Release|Any CPU.ActiveCfg = Release|Any CPU
		{22E9542F-2B21-4934-902D-46C0DBCA3AF0}.Release|Any CPU.Build.0 = Release|Any CPU
		{8A2AD868-36EE-487C-A463-7B51E1EC1788}.Debug|Any CPU.ActiveCfg = Debug|Any CPU
		{8A2AD868-36EE-487C-A463-7B51E1EC1788}.Debug|Any CPU.Build.0 = Debug|Any CPU
		{8A2AD868-36EE-487C-A463-7B51E1EC1788}.Release|Any CPU.ActiveCfg = Release|Any CPU
		{8A2AD868-36EE-487C-A463-7B51E1EC1788}.Release|Any CPU.Build.0 = Release|Any CPU
		{4060B14B-3BBD-47FD-884C-4FD134BEED22}.Debug|Any CPU.ActiveCfg = Debug|Any CPU
		{4060B14B-3BBD-47FD-884C-4FD134BEED22}.Debug|Any CPU.Build.0 = Debug|Any CPU
		{4060B14B-3BBD-47FD-884C-4FD134BEED22}.Release|Any CPU.ActiveCfg = Release|Any CPU
		{4060B14B-3BBD-47FD-884C-4FD134BEED22}.Release|Any CPU.Build.0 = Release|Any CPU
		{C2A648CD-F396-4803-ADA9-D262A85385B1}.Debug|Any CPU.ActiveCfg = Debug|Any CPU
		{C2A648CD-F396-4803-ADA9-D262A85385B1}.Debug|Any CPU.Build.0 = Debug|Any CPU
		{C2A648CD-F396-4803-ADA9-D262A85385B1}.Release|Any CPU.ActiveCfg = Release|Any CPU
		{C2A648CD-F396-4803-ADA9-D262A85385B1}.Release|Any CPU.Build.0 = Release|Any CPU
		{5BA1F471-4289-403D-86E3-1F8861BCC127}.Debug|Any CPU.ActiveCfg = Debug|Any CPU
		{5BA1F471-4289-403D-86E3-1F8861BCC127}.Debug|Any CPU.Build.0 = Debug|Any CPU
		{5BA1F471-4289-403D-86E3-1F8861BCC127}.Release|Any CPU.ActiveCfg = Release|Any CPU
		{5BA1F471-4289-403D-86E3-1F8861BCC127}.Release|Any CPU.Build.0 = Release|Any CPU
	EndGlobalSection
	GlobalSection(SolutionProperties) = preSolution
		HideSolutionNode = FALSE
	EndGlobalSection
	GlobalSection(NestedProjects) = preSolution
		{132D66D0-73F2-470A-8D4A-67EC0C0397CA} = {060AADA5-5320-4B38-B3E2-48FADBF12978}
		{8C1B51D7-3536-43B6-99F8-466007BEE64C} = {060AADA5-5320-4B38-B3E2-48FADBF12978}
		{34BB7C79-F6FB-4AF0-8965-B116F48CA451} = {060AADA5-5320-4B38-B3E2-48FADBF12978}
		{675C99B6-E677-4A61-A8C5-D01D04B97F17} = {060AADA5-5320-4B38-B3E2-48FADBF12978}
		{6E955F43-7E0A-4FF2-8A09-BE22B1CC5C38} = {060AADA5-5320-4B38-B3E2-48FADBF12978}
		{F0582E4A-7E5A-4A64-8452-81B523D3849F} = {F7028B3A-B2F3-44A4-A80F-F8188AA28CA3}
		{2BFFF4D0-A298-43C5-A8DC-9640A4D932FB} = {F7028B3A-B2F3-44A4-A80F-F8188AA28CA3}
		{5DF8D4D8-9E00-46F2-8A20-52F51717C62D} = {F7028B3A-B2F3-44A4-A80F-F8188AA28CA3}
		{97B04139-1B6A-4102-B906-AD2596029034} = {F7028B3A-B2F3-44A4-A80F-F8188AA28CA3}
		{9305F991-9669-4DB3-B872-C08F219533B5} = {F7028B3A-B2F3-44A4-A80F-F8188AA28CA3}
		{0C25E6C5-BC23-478A-B18C-22AF226BA017} = {A00E0E9F-C255-4552-AAAE-BFB9A78F77A8}
		{28988861-5AFD-4992-9A68-8AD8B529F6AF} = {A00E0E9F-C255-4552-AAAE-BFB9A78F77A8}
		{859C225F-6AF4-41AD-8944-EC69F2D8E3C2} = {A00E0E9F-C255-4552-AAAE-BFB9A78F77A8}
		{71888D83-3983-4518-AB44-A132B03B4797} = {A00E0E9F-C255-4552-AAAE-BFB9A78F77A8}
		{22E9542F-2B21-4934-902D-46C0DBCA3AF0} = {B54380F5-9EF1-4DD3-99DD-97463774DA3F}
		{8A2AD868-36EE-487C-A463-7B51E1EC1788} = {B54380F5-9EF1-4DD3-99DD-97463774DA3F}
		{4060B14B-3BBD-47FD-884C-4FD134BEED22} = {B54380F5-9EF1-4DD3-99DD-97463774DA3F}
		{C2A648CD-F396-4803-ADA9-D262A85385B1} = {B54380F5-9EF1-4DD3-99DD-97463774DA3F}
		{5BA1F471-4289-403D-86E3-1F8861BCC127} = {7AB6F054-346F-4293-BED7-8E5BBD784E20}
	EndGlobalSection
	GlobalSection(ExtensibilityGlobals) = postSolution
		SolutionGuid = {AC01A045-64FF-43E8-9D9E-AB2104E94673}
	EndGlobalSection
EndGlobal
