
Microsoft Visual Studio Solution File, Format Version 12.00
# Visual Studio Version 17
VisualStudioVersion = 17.5.002.0
MinimumVisualStudioVersion = 10.0.40219.1
Project("{9A19103F-16F7-4668-BE54-9A1E7A4F7556}") = "Prep3", "Prep3.csproj", "{4981CF15-63DC-47A0-879D-1865B428CFC9}"
EndProject
Global
	GlobalSection(SolutionConfigurationPlatforms) = preSolution
		Debug|Any CPU = Debug|Any CPU
		Release|Any CPU = Release|Any CPU
	EndGlobalSection
	GlobalSection(ProjectConfigurationPlatforms) = postSolution
		{4981CF15-63DC-47A0-879D-1865B428CFC9}.Debug|Any CPU.ActiveCfg = Debug|Any CPU
		{4981CF15-63DC-47A0-879D-1865B428CFC9}.Debug|Any CPU.Build.0 = Debug|Any CPU
		{4981CF15-63DC-47A0-879D-1865B428CFC9}.Release|Any CPU.ActiveCfg = Release|Any CPU
		{4981CF15-63DC-47A0-879D-1865B428CFC9}.Release|Any CPU.Build.0 = Release|Any CPU
	EndGlobalSection
	GlobalSection(SolutionProperties) = preSolution
		HideSolutionNode = FALSE
	EndGlobalSection
	GlobalSection(ExtensibilityGlobals) = postSolution
		SolutionGuid = {055B0ED6-E31F-4908-A44E-917542528273}
	EndGlobalSection
EndGlobal
