
Microsoft Visual Studio Solution File, Format Version 12.00
# Visual Studio Version 17
VisualStudioVersion = 17.5.002.0
MinimumVisualStudioVersion = 10.0.40219.1
Project("{9A19103F-16F7-4668-BE54-9A1E7A4F7556}") = "Develop04", "Develop04.csproj", "{586FD5D3-700D-45FD-870B-8789AAA5A97C}"
EndProject
Global
	GlobalSection(SolutionConfigurationPlatforms) = preSolution
		Debug|Any CPU = Debug|Any CPU
		Release|Any CPU = Release|Any CPU
	EndGlobalSection
	GlobalSection(ProjectConfigurationPlatforms) = postSolution
		{586FD5D3-700D-45FD-870B-8789AAA5A97C}.Debug|Any CPU.ActiveCfg = Debug|Any CPU
		{586FD5D3-700D-45FD-870B-8789AAA5A97C}.Debug|Any CPU.Build.0 = Debug|Any CPU
		{586FD5D3-700D-45FD-870B-8789AAA5A97C}.Release|Any CPU.ActiveCfg = Release|Any CPU
		{586FD5D3-700D-45FD-870B-8789AAA5A97C}.Release|Any CPU.Build.0 = Release|Any CPU
	EndGlobalSection
	GlobalSection(SolutionProperties) = preSolution
		HideSolutionNode = FALSE
	EndGlobalSection
	GlobalSection(ExtensibilityGlobals) = postSolution
		SolutionGuid = {C3100125-BF6F-426D-89B9-829410372A82}
	EndGlobalSection
EndGlobal
