
Microsoft Visual Studio Solution File, Format Version 12.00
# Visual Studio Version 17
VisualStudioVersion = 17.5.002.0
MinimumVisualStudioVersion = 10.0.40219.1
Project("{9A19103F-16F7-4668-BE54-9A1E7A4F7556}") = "Learning02", "Learning02.csproj", "{FCEC2D71-930A-4164-839C-75F53D8F0FCA}"
EndProject
Global
	GlobalSection(SolutionConfigurationPlatforms) = preSolution
		Debug|Any CPU = Debug|Any CPU
		Release|Any CPU = Release|Any CPU
	EndGlobalSection
	GlobalSection(ProjectConfigurationPlatforms) = postSolution
		{FCEC2D71-930A-4164-839C-75F53D8F0FCA}.Debug|Any CPU.ActiveCfg = Debug|Any CPU
		{FCEC2D71-930A-4164-839C-75F53D8F0FCA}.Debug|Any CPU.Build.0 = Debug|Any CPU
		{FCEC2D71-930A-4164-839C-75F53D8F0FCA}.Release|Any CPU.ActiveCfg = Release|Any CPU
		{FCEC2D71-930A-4164-839C-75F53D8F0FCA}.Release|Any CPU.Build.0 = Release|Any CPU
	EndGlobalSection
	GlobalSection(SolutionProperties) = preSolution
		HideSolutionNode = FALSE
	EndGlobalSection
	GlobalSection(ExtensibilityGlobals) = postSolution
		SolutionGuid = {5A5D83B0-4DF6-4099-A1A2-7E51FC14D2DE}
	EndGlobalSection
EndGlobal
